// !$*UTF8*$!
{
	archiveVersion = 1;
	classes = {
	};
	objectVersion = 55;
	objects = {

/* Begin PBXBuildFile section */
		3B69DF1627261EBE0023FF96 /* ViziaApp.swift in Sources */ = {isa = PBXBuildFile; fileRef = 3B69DF1527261EBE0023FF96 /* ViziaApp.swift */; };
		3B69DF1827261EBE0023FF96 /* ContentView.swift in Sources */ = {isa = PBXBuildFile; fileRef = 3B69DF1727261EBE0023FF96 /* ContentView.swift */; };
		3B69DF1A27261EC20023FF96 /* Assets.xcassets in Resources */ = {isa = PBXBuildFile; fileRef = 3B69DF1927261EC20023FF96 /* Assets.xcassets */; };
		3B69DF1D27261EC20023FF96 /* Preview Assets.xcassets in Resources */ = {isa = PBXBuildFile; fileRef = 3B69DF1C27261EC20023FF96 /* Preview Assets.xcassets */; };
		3B69DF482726357E0023FF96 /* Roboto-Black.ttf in Resources */ = {isa = PBXBuildFile; fileRef = 3B69DF3F2726357E0023FF96 /* Roboto-Black.ttf */; };
		3B69DF492726357E0023FF96 /* Roboto-BlackItalic.ttf in Resources */ = {isa = PBXBuildFile; fileRef = 3B69DF402726357E0023FF96 /* Roboto-BlackItalic.ttf */; };
		3B69DF4A2726357E0023FF96 /* Roboto-Thin.ttf in Resources */ = {isa = PBXBuildFile; fileRef = 3B69DF412726357E0023FF96 /* Roboto-Thin.ttf */; };
		3B69DF4B2726357E0023FF96 /* Roboto-BoldItalic.ttf in Resources */ = {isa = PBXBuildFile; fileRef = 3B69DF422726357E0023FF96 /* Roboto-BoldItalic.ttf */; };
		3B69DF4C2726357F0023FF96 /* Roboto-Italic.ttf in Resources */ = {isa = PBXBuildFile; fileRef = 3B69DF432726357E0023FF96 /* Roboto-Italic.ttf */; };
		3B69DF4D2726357F0023FF96 /* Roboto-MediumItalic.ttf in Resources */ = {isa = PBXBuildFile; fileRef = 3B69DF442726357E0023FF96 /* Roboto-MediumItalic.ttf */; };
		3B69DF4E2726357F0023FF96 /* Roboto-Bold.ttf in Resources */ = {isa = PBXBuildFile; fileRef = 3B69DF452726357E0023FF96 /* Roboto-Bold.ttf */; };
		3B69DF4F2726357F0023FF96 /* Roboto-Regular.ttf in Resources */ = {isa = PBXBuildFile; fileRef = 3B69DF462726357E0023FF96 /* Roboto-Regular.ttf */; };
		3B69DF502726357F0023FF96 /* Roboto-ThinItalic.ttf in Resources */ = {isa = PBXBuildFile; fileRef = 3B69DF472726357E0023FF96 /* Roboto-ThinItalic.ttf */; };
		7E16DC6D27A30ECB008D10D6 /* SocketIO in Frameworks */ = {isa = PBXBuildFile; productRef = 7E16DC6C27A30ECB008D10D6 /* SocketIO */; };
		7E16DC7027A30ED8008D10D6 /* Alamofire in Frameworks */ = {isa = PBXBuildFile; productRef = 7E16DC6F27A30ED8008D10D6 /* Alamofire */; };
		7E452B5C2790902200EE764F /* ImagePicker.swift in Sources */ = {isa = PBXBuildFile; fileRef = 7E452B5B2790902200EE764F /* ImagePicker.swift */; };
		7E452B5E2790902E00EE764F /* Speech.swift in Sources */ = {isa = PBXBuildFile; fileRef = 7E452B5D2790902E00EE764F /* Speech.swift */; };
		7E452B632790A29C00EE764F /* JsonCodable.swift in Sources */ = {isa = PBXBuildFile; fileRef = 7E452B622790A29C00EE764F /* JsonCodable.swift */; };
		E711BE4627A0643200BEC7E5 /* HalfSheetController.swift in Sources */ = {isa = PBXBuildFile; fileRef = E711BE4527A0643200BEC7E5 /* HalfSheetController.swift */; };
		E711BE4827A0646E00BEC7E5 /* HalfSheetView.swift in Sources */ = {isa = PBXBuildFile; fileRef = E711BE4727A0646E00BEC7E5 /* HalfSheetView.swift */; };
		E7CBE4352790878D00DE543E /* AppThemeContainer.swift in Sources */ = {isa = PBXBuildFile; fileRef = E7CBE4342790878D00DE543E /* AppThemeContainer.swift */; };
		E7CBE4382790887500DE543E /* ComponentViews.swift in Sources */ = {isa = PBXBuildFile; fileRef = E7CBE4372790887500DE543E /* ComponentViews.swift */; };
		E7CBE43A2790891200DE543E /* PlaybackView.swift in Sources */ = {isa = PBXBuildFile; fileRef = E7CBE4392790891200DE543E /* PlaybackView.swift */; };
		E7CBE43C2790896B00DE543E /* SettingsView.swift in Sources */ = {isa = PBXBuildFile; fileRef = E7CBE43B2790896B00DE543E /* SettingsView.swift */; };
		E7CBE43E279089C200DE543E /* HomeView.swift in Sources */ = {isa = PBXBuildFile; fileRef = E7CBE43D279089C200DE543E /* HomeView.swift */; };
		E7CBE44027908A3200DE543E /* ComponentStyles.swift in Sources */ = {isa = PBXBuildFile; fileRef = E7CBE43F27908A3200DE543E /* ComponentStyles.swift */; };
		E7CBE44227908A9400DE543E /* Extensions.swift in Sources */ = {isa = PBXBuildFile; fileRef = E7CBE44127908A9400DE543E /* Extensions.swift */; };
		E7CBE44427908ACC00DE543E /* ColourSettingsView.swift in Sources */ = {isa = PBXBuildFile; fileRef = E7CBE44327908ACC00DE543E /* ColourSettingsView.swift */; };
		E7CBE44627908B0F00DE543E /* Modifiers.swift in Sources */ = {isa = PBXBuildFile; fileRef = E7CBE44527908B0F00DE543E /* Modifiers.swift */; };
		E7CBE44827908B5400DE543E /* CardView.swift in Sources */ = {isa = PBXBuildFile; fileRef = E7CBE44727908B5400DE543E /* CardView.swift */; };
/* End PBXBuildFile section */

/* Begin PBXFileReference section */
		3B69DF1227261EBE0023FF96 /* Vizia.app */ = {isa = PBXFileReference; explicitFileType = wrapper.application; includeInIndex = 0; path = Vizia.app; sourceTree = BUILT_PRODUCTS_DIR; };
		3B69DF1527261EBE0023FF96 /* ViziaApp.swift */ = {isa = PBXFileReference; lastKnownFileType = sourcecode.swift; path = ViziaApp.swift; sourceTree = "<group>"; };
		3B69DF1727261EBE0023FF96 /* ContentView.swift */ = {isa = PBXFileReference; lastKnownFileType = sourcecode.swift; path = ContentView.swift; sourceTree = "<group>"; };
		3B69DF1927261EC20023FF96 /* Assets.xcassets */ = {isa = PBXFileReference; lastKnownFileType = folder.assetcatalog; path = Assets.xcassets; sourceTree = "<group>"; };
		3B69DF1C27261EC20023FF96 /* Preview Assets.xcassets */ = {isa = PBXFileReference; lastKnownFileType = folder.assetcatalog; path = "Preview Assets.xcassets"; sourceTree = "<group>"; };
		3B69DF252726340F0023FF96 /* Vizia-Info.plist */ = {isa = PBXFileReference; lastKnownFileType = text.plist.xml; path = "Vizia-Info.plist"; sourceTree = SOURCE_ROOT; };
		3B69DF3F2726357E0023FF96 /* Roboto-Black.ttf */ = {isa = PBXFileReference; lastKnownFileType = file; path = "Roboto-Black.ttf"; sourceTree = "<group>"; };
		3B69DF402726357E0023FF96 /* Roboto-BlackItalic.ttf */ = {isa = PBXFileReference; lastKnownFileType = file; path = "Roboto-BlackItalic.ttf"; sourceTree = "<group>"; };
		3B69DF412726357E0023FF96 /* Roboto-Thin.ttf */ = {isa = PBXFileReference; lastKnownFileType = file; path = "Roboto-Thin.ttf"; sourceTree = "<group>"; };
		3B69DF422726357E0023FF96 /* Roboto-BoldItalic.ttf */ = {isa = PBXFileReference; lastKnownFileType = file; path = "Roboto-BoldItalic.ttf"; sourceTree = "<group>"; };
		3B69DF432726357E0023FF96 /* Roboto-Italic.ttf */ = {isa = PBXFileReference; lastKnownFileType = file; path = "Roboto-Italic.ttf"; sourceTree = "<group>"; };
		3B69DF442726357E0023FF96 /* Roboto-MediumItalic.ttf */ = {isa = PBXFileReference; lastKnownFileType = file; path = "Roboto-MediumItalic.ttf"; sourceTree = "<group>"; };
		3B69DF452726357E0023FF96 /* Roboto-Bold.ttf */ = {isa = PBXFileReference; lastKnownFileType = file; path = "Roboto-Bold.ttf"; sourceTree = "<group>"; };
		3B69DF462726357E0023FF96 /* Roboto-Regular.ttf */ = {isa = PBXFileReference; lastKnownFileType = file; path = "Roboto-Regular.ttf"; sourceTree = "<group>"; };
		3B69DF472726357E0023FF96 /* Roboto-ThinItalic.ttf */ = {isa = PBXFileReference; lastKnownFileType = file; path = "Roboto-ThinItalic.ttf"; sourceTree = "<group>"; };
		7E452B5B2790902200EE764F /* ImagePicker.swift */ = {isa = PBXFileReference; lastKnownFileType = sourcecode.swift; path = ImagePicker.swift; sourceTree = "<group>"; };
		7E452B5D2790902E00EE764F /* Speech.swift */ = {isa = PBXFileReference; lastKnownFileType = sourcecode.swift; path = Speech.swift; sourceTree = "<group>"; };
		7E452B622790A29C00EE764F /* JsonCodable.swift */ = {isa = PBXFileReference; lastKnownFileType = sourcecode.swift; path = JsonCodable.swift; sourceTree = "<group>"; };
		E711BE4527A0643200BEC7E5 /* HalfSheetController.swift */ = {isa = PBXFileReference; lastKnownFileType = sourcecode.swift; path = HalfSheetController.swift; sourceTree = "<group>"; };
		E711BE4727A0646E00BEC7E5 /* HalfSheetView.swift */ = {isa = PBXFileReference; lastKnownFileType = sourcecode.swift; path = HalfSheetView.swift; sourceTree = "<group>"; };
		E7CBE4342790878D00DE543E /* AppThemeContainer.swift */ = {isa = PBXFileReference; lastKnownFileType = sourcecode.swift; path = AppThemeContainer.swift; sourceTree = "<group>"; };
		E7CBE4372790887500DE543E /* ComponentViews.swift */ = {isa = PBXFileReference; lastKnownFileType = sourcecode.swift; path = ComponentViews.swift; sourceTree = "<group>"; };
		E7CBE4392790891200DE543E /* PlaybackView.swift */ = {isa = PBXFileReference; lastKnownFileType = sourcecode.swift; path = PlaybackView.swift; sourceTree = "<group>"; };
		E7CBE43B2790896B00DE543E /* SettingsView.swift */ = {isa = PBXFileReference; lastKnownFileType = sourcecode.swift; path = SettingsView.swift; sourceTree = "<group>"; };
		E7CBE43D279089C200DE543E /* HomeView.swift */ = {isa = PBXFileReference; lastKnownFileType = sourcecode.swift; path = HomeView.swift; sourceTree = "<group>"; };
		E7CBE43F27908A3200DE543E /* ComponentStyles.swift */ = {isa = PBXFileReference; lastKnownFileType = sourcecode.swift; path = ComponentStyles.swift; sourceTree = "<group>"; };
		E7CBE44127908A9400DE543E /* Extensions.swift */ = {isa = PBXFileReference; lastKnownFileType = sourcecode.swift; path = Extensions.swift; sourceTree = "<group>"; };
		E7CBE44327908ACC00DE543E /* ColourSettingsView.swift */ = {isa = PBXFileReference; lastKnownFileType = sourcecode.swift; path = ColourSettingsView.swift; sourceTree = "<group>"; };
		E7CBE44527908B0F00DE543E /* Modifiers.swift */ = {isa = PBXFileReference; lastKnownFileType = sourcecode.swift; path = Modifiers.swift; sourceTree = "<group>"; };
		E7CBE44727908B5400DE543E /* CardView.swift */ = {isa = PBXFileReference; lastKnownFileType = sourcecode.swift; path = CardView.swift; sourceTree = "<group>"; };
/* End PBXFileReference section */

/* Begin PBXFrameworksBuildPhase section */
		3B69DF0F27261EBE0023FF96 /* Frameworks */ = {
			isa = PBXFrameworksBuildPhase;
			buildActionMask = 2147483647;
			files = (
				7E16DC6D27A30ECB008D10D6 /* SocketIO in Frameworks */,
				7E16DC7027A30ED8008D10D6 /* Alamofire in Frameworks */,
			);
			runOnlyForDeploymentPostprocessing = 0;
		};
/* End PBXFrameworksBuildPhase section */

/* Begin PBXGroup section */
		3B69DF0927261EBE0023FF96 = {
			isa = PBXGroup;
			children = (
				3B69DF1427261EBE0023FF96 /* Vizia */,
				3B69DF1327261EBE0023FF96 /* Products */,
			);
			sourceTree = "<group>";
		};
		3B69DF1327261EBE0023FF96 /* Products */ = {
			isa = PBXGroup;
			children = (
				3B69DF1227261EBE0023FF96 /* Vizia.app */,
			);
			name = Products;
			sourceTree = "<group>";
		};
		3B69DF1427261EBE0023FF96 /* Vizia */ = {
			isa = PBXGroup;
			children = (
				E711BE4427A0640900BEC7E5 /* ViewControllers */,
				E7CBE4332790874C00DE543E /* Utils */,
				E7CBE4322790868100DE543E /* Views */,
				3B69DF26272635450023FF96 /* Fonts */,
				3B69DF252726340F0023FF96 /* Vizia-Info.plist */,
				3B69DF1527261EBE0023FF96 /* ViziaApp.swift */,
				3B69DF1927261EC20023FF96 /* Assets.xcassets */,
				3B69DF1B27261EC20023FF96 /* Preview Content */,
			);
			path = Vizia;
			sourceTree = "<group>";
		};
		3B69DF1B27261EC20023FF96 /* Preview Content */ = {
			isa = PBXGroup;
			children = (
				3B69DF1C27261EC20023FF96 /* Preview Assets.xcassets */,
			);
			path = "Preview Content";
			sourceTree = "<group>";
		};
		3B69DF26272635450023FF96 /* Fonts */ = {
			isa = PBXGroup;
			children = (
				3B69DF3F2726357E0023FF96 /* Roboto-Black.ttf */,
				3B69DF402726357E0023FF96 /* Roboto-BlackItalic.ttf */,
				3B69DF452726357E0023FF96 /* Roboto-Bold.ttf */,
				3B69DF422726357E0023FF96 /* Roboto-BoldItalic.ttf */,
				3B69DF432726357E0023FF96 /* Roboto-Italic.ttf */,
				3B69DF442726357E0023FF96 /* Roboto-MediumItalic.ttf */,
				3B69DF462726357E0023FF96 /* Roboto-Regular.ttf */,
				3B69DF412726357E0023FF96 /* Roboto-Thin.ttf */,
				3B69DF472726357E0023FF96 /* Roboto-ThinItalic.ttf */,
			);
			path = Fonts;
			sourceTree = "<group>";
		};
		E711BE4427A0640900BEC7E5 /* ViewControllers */ = {
			isa = PBXGroup;
			children = (
				E711BE4527A0643200BEC7E5 /* HalfSheetController.swift */,
			);
			path = ViewControllers;
			sourceTree = "<group>";
		};
		E7CBE4322790868100DE543E /* Views */ = {
			isa = PBXGroup;
			children = (
				E7CBE44727908B5400DE543E /* CardView.swift */,
				3B69DF1727261EBE0023FF96 /* ContentView.swift */,
				E7CBE4372790887500DE543E /* ComponentViews.swift */,
				E7CBE4392790891200DE543E /* PlaybackView.swift */,
				E7CBE43B2790896B00DE543E /* SettingsView.swift */,
				E7CBE43D279089C200DE543E /* HomeView.swift */,
				E7CBE44327908ACC00DE543E /* ColourSettingsView.swift */,
				E711BE4727A0646E00BEC7E5 /* HalfSheetView.swift */,
			);
			path = Views;
			sourceTree = "<group>";
		};
		E7CBE4332790874C00DE543E /* Utils */ = {
			isa = PBXGroup;
			children = (
				E7CBE4342790878D00DE543E /* AppThemeContainer.swift */,
				E7CBE43F27908A3200DE543E /* ComponentStyles.swift */,
				E7CBE44127908A9400DE543E /* Extensions.swift */,
				E7CBE44527908B0F00DE543E /* Modifiers.swift */,
				7E452B5B2790902200EE764F /* ImagePicker.swift */,
				7E452B5D2790902E00EE764F /* Speech.swift */,
				7E452B622790A29C00EE764F /* JsonCodable.swift */,
			);
			path = Utils;
			sourceTree = "<group>";
		};
/* End PBXGroup section */

/* Begin PBXNativeTarget section */
		3B69DF1127261EBE0023FF96 /* Vizia */ = {
			isa = PBXNativeTarget;
			buildConfigurationList = 3B69DF2027261EC20023FF96 /* Build configuration list for PBXNativeTarget "Vizia" */;
			buildPhases = (
				3B69DF0E27261EBE0023FF96 /* Sources */,
				3B69DF0F27261EBE0023FF96 /* Frameworks */,
				3B69DF1027261EBE0023FF96 /* Resources */,
			);
			buildRules = (
			);
			dependencies = (
			);
			name = Vizia;
			packageProductDependencies = (
				7E16DC6C27A30ECB008D10D6 /* SocketIO */,
				7E16DC6F27A30ED8008D10D6 /* Alamofire */,
			);
			productName = Vizia;
			productReference = 3B69DF1227261EBE0023FF96 /* Vizia.app */;
			productType = "com.apple.product-type.application";
		};
/* End PBXNativeTarget section */

/* Begin PBXProject section */
		3B69DF0A27261EBE0023FF96 /* Project object */ = {
			isa = PBXProject;
			attributes = {
				BuildIndependentTargetsInParallel = 1;
				LastSwiftUpdateCheck = 1300;
				LastUpgradeCheck = 1300;
				TargetAttributes = {
					3B69DF1127261EBE0023FF96 = {
						CreatedOnToolsVersion = 13.0;
					};
				};
			};
			buildConfigurationList = 3B69DF0D27261EBE0023FF96 /* Build configuration list for PBXProject "Vizia" */;
			compatibilityVersion = "Xcode 13.0";
			developmentRegion = en;
			hasScannedForEncodings = 0;
			knownRegions = (
				en,
				Base,
			);
			mainGroup = 3B69DF0927261EBE0023FF96;
			packageReferences = (
				7E16DC6B27A30ECB008D10D6 /* XCRemoteSwiftPackageReference "socket" */,
				7E16DC6E27A30ED8008D10D6 /* XCRemoteSwiftPackageReference "Alamofire" */,
			);
			productRefGroup = 3B69DF1327261EBE0023FF96 /* Products */;
			projectDirPath = "";
			projectRoot = "";
			targets = (
				3B69DF1127261EBE0023FF96 /* Vizia */,
			);
		};
/* End PBXProject section */

/* Begin PBXResourcesBuildPhase section */
		3B69DF1027261EBE0023FF96 /* Resources */ = {
			isa = PBXResourcesBuildPhase;
			buildActionMask = 2147483647;
			files = (
				3B69DF4B2726357E0023FF96 /* Roboto-BoldItalic.ttf in Resources */,
				3B69DF1D27261EC20023FF96 /* Preview Assets.xcassets in Resources */,
				3B69DF4F2726357F0023FF96 /* Roboto-Regular.ttf in Resources */,
				3B69DF502726357F0023FF96 /* Roboto-ThinItalic.ttf in Resources */,
				3B69DF1A27261EC20023FF96 /* Assets.xcassets in Resources */,
				3B69DF482726357E0023FF96 /* Roboto-Black.ttf in Resources */,
				3B69DF4D2726357F0023FF96 /* Roboto-MediumItalic.ttf in Resources */,
				3B69DF4E2726357F0023FF96 /* Roboto-Bold.ttf in Resources */,
				3B69DF4C2726357F0023FF96 /* Roboto-Italic.ttf in Resources */,
				3B69DF4A2726357E0023FF96 /* Roboto-Thin.ttf in Resources */,
				3B69DF492726357E0023FF96 /* Roboto-BlackItalic.ttf in Resources */,
			);
			runOnlyForDeploymentPostprocessing = 0;
		};
/* End PBXResourcesBuildPhase section */

/* Begin PBXSourcesBuildPhase section */
		3B69DF0E27261EBE0023FF96 /* Sources */ = {
			isa = PBXSourcesBuildPhase;
			buildActionMask = 2147483647;
			files = (
				7E452B5C2790902200EE764F /* ImagePicker.swift in Sources */,
				E7CBE43A2790891200DE543E /* PlaybackView.swift in Sources */,
				E711BE4827A0646E00BEC7E5 /* HalfSheetView.swift in Sources */,
				E7CBE44627908B0F00DE543E /* Modifiers.swift in Sources */,
				7E452B5E2790902E00EE764F /* Speech.swift in Sources */,
				E711BE4627A0643200BEC7E5 /* HalfSheetController.swift in Sources */,
				E7CBE44227908A9400DE543E /* Extensions.swift in Sources */,
				7E452B632790A29C00EE764F /* JsonCodable.swift in Sources */,
				E7CBE43E279089C200DE543E /* HomeView.swift in Sources */,
				E7CBE4382790887500DE543E /* ComponentViews.swift in Sources */,
				3B69DF1827261EBE0023FF96 /* ContentView.swift in Sources */,
				E7CBE43C2790896B00DE543E /* SettingsView.swift in Sources */,
				3B69DF1627261EBE0023FF96 /* ViziaApp.swift in Sources */,
				E7CBE4352790878D00DE543E /* AppThemeContainer.swift in Sources */,
				E7CBE44027908A3200DE543E /* ComponentStyles.swift in Sources */,
				E7CBE44827908B5400DE543E /* CardView.swift in Sources */,
				E7CBE44427908ACC00DE543E /* ColourSettingsView.swift in Sources */,
			);
			runOnlyForDeploymentPostprocessing = 0;
		};
/* End PBXSourcesBuildPhase section */

/* Begin XCBuildConfiguration section */
		3B69DF1E27261EC20023FF96 /* Debug */ = {
			isa = XCBuildConfiguration;
			buildSettings = {
				ALWAYS_SEARCH_USER_PATHS = NO;
				CLANG_ANALYZER_NONNULL = YES;
				CLANG_ANALYZER_NUMBER_OBJECT_CONVERSION = YES_AGGRESSIVE;
				CLANG_CXX_LANGUAGE_STANDARD = "gnu++17";
				CLANG_CXX_LIBRARY = "libc++";
				CLANG_ENABLE_MODULES = YES;
				CLANG_ENABLE_OBJC_ARC = YES;
				CLANG_ENABLE_OBJC_WEAK = YES;
				CLANG_WARN_BLOCK_CAPTURE_AUTORELEASING = YES;
				CLANG_WARN_BOOL_CONVERSION = YES;
				CLANG_WARN_COMMA = YES;
				CLANG_WARN_CONSTANT_CONVERSION = YES;
				CLANG_WARN_DEPRECATED_OBJC_IMPLEMENTATIONS = YES;
				CLANG_WARN_DIRECT_OBJC_ISA_USAGE = YES_ERROR;
				CLANG_WARN_DOCUMENTATION_COMMENTS = YES;
				CLANG_WARN_EMPTY_BODY = YES;
				CLANG_WARN_ENUM_CONVERSION = YES;
				CLANG_WARN_INFINITE_RECURSION = YES;
				CLANG_WARN_INT_CONVERSION = YES;
				CLANG_WARN_NON_LITERAL_NULL_CONVERSION = YES;
				CLANG_WARN_OBJC_IMPLICIT_RETAIN_SELF = YES;
				CLANG_WARN_OBJC_LITERAL_CONVERSION = YES;
				CLANG_WARN_OBJC_ROOT_CLASS = YES_ERROR;
				CLANG_WARN_QUOTED_INCLUDE_IN_FRAMEWORK_HEADER = YES;
				CLANG_WARN_RANGE_LOOP_ANALYSIS = YES;
				CLANG_WARN_STRICT_PROTOTYPES = YES;
				CLANG_WARN_SUSPICIOUS_MOVE = YES;
				CLANG_WARN_UNGUARDED_AVAILABILITY = YES_AGGRESSIVE;
				CLANG_WARN_UNREACHABLE_CODE = YES;
				CLANG_WARN__DUPLICATE_METHOD_MATCH = YES;
				COPY_PHASE_STRIP = NO;
				DEBUG_INFORMATION_FORMAT = dwarf;
				ENABLE_STRICT_OBJC_MSGSEND = YES;
				ENABLE_TESTABILITY = YES;
				GCC_C_LANGUAGE_STANDARD = gnu11;
				GCC_DYNAMIC_NO_PIC = NO;
				GCC_NO_COMMON_BLOCKS = YES;
				GCC_OPTIMIZATION_LEVEL = 0;
				GCC_PREPROCESSOR_DEFINITIONS = (
					"DEBUG=1",
					"$(inherited)",
				);
				GCC_WARN_64_TO_32_BIT_CONVERSION = YES;
				GCC_WARN_ABOUT_RETURN_TYPE = YES_ERROR;
				GCC_WARN_UNDECLARED_SELECTOR = YES;
				GCC_WARN_UNINITIALIZED_AUTOS = YES_AGGRESSIVE;
				GCC_WARN_UNUSED_FUNCTION = YES;
				GCC_WARN_UNUSED_VARIABLE = YES;
				IPHONEOS_DEPLOYMENT_TARGET = 15.0;
				MTL_ENABLE_DEBUG_INFO = INCLUDE_SOURCE;
				MTL_FAST_MATH = YES;
				ONLY_ACTIVE_ARCH = YES;
				SDKROOT = iphoneos;
				SWIFT_ACTIVE_COMPILATION_CONDITIONS = DEBUG;
				SWIFT_OPTIMIZATION_LEVEL = "-Onone";
			};
			name = Debug;
		};
		3B69DF1F27261EC20023FF96 /* Release */ = {
			isa = XCBuildConfiguration;
			buildSettings = {
				ALWAYS_SEARCH_USER_PATHS = NO;
				CLANG_ANALYZER_NONNULL = YES;
				CLANG_ANALYZER_NUMBER_OBJECT_CONVERSION = YES_AGGRESSIVE;
				CLANG_CXX_LANGUAGE_STANDARD = "gnu++17";
				CLANG_CXX_LIBRARY = "libc++";
				CLANG_ENABLE_MODULES = YES;
				CLANG_ENABLE_OBJC_ARC = YES;
				CLANG_ENABLE_OBJC_WEAK = YES;
				CLANG_WARN_BLOCK_CAPTURE_AUTORELEASING = YES;
				CLANG_WARN_BOOL_CONVERSION = YES;
				CLANG_WARN_COMMA = YES;
				CLANG_WARN_CONSTANT_CONVERSION = YES;
				CLANG_WARN_DEPRECATED_OBJC_IMPLEMENTATIONS = YES;
				CLANG_WARN_DIRECT_OBJC_ISA_USAGE = YES_ERROR;
				CLANG_WARN_DOCUMENTATION_COMMENTS = YES;
				CLANG_WARN_EMPTY_BODY = YES;
				CLANG_WARN_ENUM_CONVERSION = YES;
				CLANG_WARN_INFINITE_RECURSION = YES;
				CLANG_WARN_INT_CONVERSION = YES;
				CLANG_WARN_NON_LITERAL_NULL_CONVERSION = YES;
				CLANG_WARN_OBJC_IMPLICIT_RETAIN_SELF = YES;
				CLANG_WARN_OBJC_LITERAL_CONVERSION = YES;
				CLANG_WARN_OBJC_ROOT_CLASS = YES_ERROR;
				CLANG_WARN_QUOTED_INCLUDE_IN_FRAMEWORK_HEADER = YES;
				CLANG_WARN_RANGE_LOOP_ANALYSIS = YES;
				CLANG_WARN_STRICT_PROTOTYPES = YES;
				CLANG_WARN_SUSPICIOUS_MOVE = YES;
				CLANG_WARN_UNGUARDED_AVAILABILITY = YES_AGGRESSIVE;
				CLANG_WARN_UNREACHABLE_CODE = YES;
				CLANG_WARN__DUPLICATE_METHOD_MATCH = YES;
				COPY_PHASE_STRIP = NO;
				DEBUG_INFORMATION_FORMAT = "dwarf-with-dsym";
				ENABLE_NS_ASSERTIONS = NO;
				ENABLE_STRICT_OBJC_MSGSEND = YES;
				GCC_C_LANGUAGE_STANDARD = gnu11;
				GCC_NO_COMMON_BLOCKS = YES;
				GCC_WARN_64_TO_32_BIT_CONVERSION = YES;
				GCC_WARN_ABOUT_RETURN_TYPE = YES_ERROR;
				GCC_WARN_UNDECLARED_SELECTOR = YES;
				GCC_WARN_UNINITIALIZED_AUTOS = YES_AGGRESSIVE;
				GCC_WARN_UNUSED_FUNCTION = YES;
				GCC_WARN_UNUSED_VARIABLE = YES;
				IPHONEOS_DEPLOYMENT_TARGET = 15.0;
				MTL_ENABLE_DEBUG_INFO = NO;
				MTL_FAST_MATH = YES;
				SDKROOT = iphoneos;
				SWIFT_COMPILATION_MODE = wholemodule;
				SWIFT_OPTIMIZATION_LEVEL = "-O";
				VALIDATE_PRODUCT = YES;
			};
			name = Release;
		};
		3B69DF2127261EC20023FF96 /* Debug */ = {
			isa = XCBuildConfiguration;
			buildSettings = {
				ASSETCATALOG_COMPILER_APPICON_NAME = AppIcon;
				ASSETCATALOG_COMPILER_GLOBAL_ACCENT_COLOR_NAME = AccentColor;
				CODE_SIGN_STYLE = Automatic;
				CURRENT_PROJECT_VERSION = 1;
				DEVELOPMENT_ASSET_PATHS = "\"Vizia/Preview Content\"";
				DEVELOPMENT_TEAM = H27FBUR8TR;
				ENABLE_PREVIEWS = YES;
				GENERATE_INFOPLIST_FILE = YES;
				INFOPLIST_FILE = "Vizia-Info.plist";
				INFOPLIST_KEY_CFBundleDisplayName = Vizia;
				INFOPLIST_KEY_UIApplicationSceneManifest_Generation = YES;
				INFOPLIST_KEY_UIApplicationSupportsIndirectInputEvents = YES;
				INFOPLIST_KEY_UILaunchScreen_Generation = YES;
				INFOPLIST_KEY_UISupportedInterfaceOrientations_iPad = "UIInterfaceOrientationPortrait UIInterfaceOrientationPortraitUpsideDown UIInterfaceOrientationLandscapeLeft UIInterfaceOrientationLandscapeRight";
				INFOPLIST_KEY_UISupportedInterfaceOrientations_iPhone = "UIInterfaceOrientationPortrait UIInterfaceOrientationLandscapeLeft UIInterfaceOrientationLandscapeRight";
				IPHONEOS_DEPLOYMENT_TARGET = 14.0;
				LD_RUNPATH_SEARCH_PATHS = (
					"$(inherited)",
					"@executable_path/Frameworks",
				);
				MARKETING_VERSION = 1.0;
				PRODUCT_BUNDLE_IDENTIFIER = com.connorbarkr.Vizia;
				PRODUCT_NAME = "$(TARGET_NAME)";
				SWIFT_EMIT_LOC_STRINGS = YES;
				SWIFT_VERSION = 5.0;
				TARGETED_DEVICE_FAMILY = "1,2";
			};
			name = Debug;
		};
		3B69DF2227261EC20023FF96 /* Release */ = {
			isa = XCBuildConfiguration;
			buildSettings = {
				ASSETCATALOG_COMPILER_APPICON_NAME = AppIcon;
				ASSETCATALOG_COMPILER_GLOBAL_ACCENT_COLOR_NAME = AccentColor;
				CODE_SIGN_STYLE = Automatic;
				CURRENT_PROJECT_VERSION = 1;
				DEVELOPMENT_ASSET_PATHS = "\"Vizia/Preview Content\"";
				DEVELOPMENT_TEAM = H27FBUR8TR;
				ENABLE_PREVIEWS = YES;
				GENERATE_INFOPLIST_FILE = YES;
				INFOPLIST_FILE = "Vizia-Info.plist";
				INFOPLIST_KEY_CFBundleDisplayName = Vizia;
				INFOPLIST_KEY_UIApplicationSceneManifest_Generation = YES;
				INFOPLIST_KEY_UIApplicationSupportsIndirectInputEvents = YES;
				INFOPLIST_KEY_UILaunchScreen_Generation = YES;
				INFOPLIST_KEY_UISupportedInterfaceOrientations_iPad = "UIInterfaceOrientationPortrait UIInterfaceOrientationPortraitUpsideDown UIInterfaceOrientationLandscapeLeft UIInterfaceOrientationLandscapeRight";
				INFOPLIST_KEY_UISupportedInterfaceOrientations_iPhone = "UIInterfaceOrientationPortrait UIInterfaceOrientationLandscapeLeft UIInterfaceOrientationLandscapeRight";
				IPHONEOS_DEPLOYMENT_TARGET = 14.0;
				LD_RUNPATH_SEARCH_PATHS = (
					"$(inherited)",
					"@executable_path/Frameworks",
				);
				MARKETING_VERSION = 1.0;
				PRODUCT_BUNDLE_IDENTIFIER = com.connorbarkr.Vizia;
				PRODUCT_NAME = "$(TARGET_NAME)";
				SWIFT_EMIT_LOC_STRINGS = YES;
				SWIFT_VERSION = 5.0;
				TARGETED_DEVICE_FAMILY = "1,2";
			};
			name = Release;
		};
/* End XCBuildConfiguration section */

/* Begin XCConfigurationList section */
		3B69DF0D27261EBE0023FF96 /* Build configuration list for PBXProject "Vizia" */ = {
			isa = XCConfigurationList;
			buildConfigurations = (
				3B69DF1E27261EC20023FF96 /* Debug */,
				3B69DF1F27261EC20023FF96 /* Release */,
			);
			defaultConfigurationIsVisible = 0;
			defaultConfigurationName = Release;
		};
		3B69DF2027261EC20023FF96 /* Build configuration list for PBXNativeTarget "Vizia" */ = {
			isa = XCConfigurationList;
			buildConfigurations = (
				3B69DF2127261EC20023FF96 /* Debug */,
				3B69DF2227261EC20023FF96 /* Release */,
			);
			defaultConfigurationIsVisible = 0;
			defaultConfigurationName = Release;
		};
/* End XCConfigurationList section */

/* Begin XCRemoteSwiftPackageReference section */
		7E16DC6B27A30ECB008D10D6 /* XCRemoteSwiftPackageReference "socket" */ = {
			isa = XCRemoteSwiftPackageReference;
			repositoryURL = "https://github.com/socketio/socket.io-client-swift";
			requirement = {
				branch = master;
				kind = branch;
			};
		};
		7E16DC6E27A30ED8008D10D6 /* XCRemoteSwiftPackageReference "Alamofire" */ = {
			isa = XCRemoteSwiftPackageReference;
			repositoryURL = "https://github.com/Alamofire/Alamofire";
			requirement = {
				branch = master;
				kind = branch;
			};
		};
/* End XCRemoteSwiftPackageReference section */

/* Begin XCSwiftPackageProductDependency section */
		7E16DC6C27A30ECB008D10D6 /* SocketIO */ = {
			isa = XCSwiftPackageProductDependency;
			package = 7E16DC6B27A30ECB008D10D6 /* XCRemoteSwiftPackageReference "socket" */;
			productName = SocketIO;
		};
		7E16DC6F27A30ED8008D10D6 /* Alamofire */ = {
			isa = XCSwiftPackageProductDependency;
			package = 7E16DC6E27A30ED8008D10D6 /* XCRemoteSwiftPackageReference "Alamofire" */;
			productName = Alamofire;
		};
/* End XCSwiftPackageProductDependency section */
	};
	rootObject = 3B69DF0A27261EBE0023FF96 /* Project object */;
}
